
Microsoft Visual Studio Solution File, Format Version 12.00
# Visual Studio Version 17
VisualStudioVersion = 17.14.36017.23
MinimumVisualStudioVersion = 10.0.40219.1
Project("{FAE04EC0-301F-11D3-BF4B-00C04F79EFBC}") = "Fuser", "src\Fuser\Fuser.csproj", "{31AB2C92-D8D3-4565-B1D2-A894E4367B81}"
EndProject
Project("{2150E333-8FDC-42A3-9474-1A3956D46DE8}") = "_meta", "_meta", "{8EC462FD-D22E-90A8-E5CE-7E832BA40C5D}"
	ProjectSection(SolutionItems) = preProject
		.editorconfig = .editorconfig
		.gitattributes = .gitattributes
		.gitignore = .gitignore
		Directory.Packages.props = Directory.Packages.props
		exclusion.dic = exclusion.dic
		ProjectMetadata.props = ProjectMetadata.props
		ProjectMetadata.targets = ProjectMetadata.targets
		README.md = README.md
	EndProjectSection
EndProject
Project("{2150E333-8FDC-42A3-9474-1A3956D46DE8}") = "Samples", "Samples", "{02EA681E-C7D8-13C7-8484-4AC65E1B71E8}"
EndProject
Project("{FAE04EC0-301F-11D3-BF4B-00C04F79EFBC}") = "Fuser.SampleApp", "samples\Fuser.SampleApp\Fuser.SampleApp.csproj", "{BAA1BE85-9E6B-46DA-ADC3-4799B1ABAC52}"
EndProject
Project("{FAE04EC0-301F-11D3-BF4B-00C04F79EFBC}") = "Fuser.Lib1", "samples\Fuser.Lib1\Fuser.Lib1.csproj", "{3C79731B-9827-430A-8624-6FBE3434FB8A}"
EndProject
Project("{FAE04EC0-301F-11D3-BF4B-00C04F79EFBC}") = "Fuser.Lib2", "samples\Fuser.Lib2\Fuser.Lib2.csproj", "{78FC1BC9-9C4C-4463-A0F2-CFC0D0C30BDA}"
EndProject
Global
	GlobalSection(SolutionConfigurationPlatforms) = preSolution
		Debug|Any CPU = Debug|Any CPU
		Release|Any CPU = Release|Any CPU
	EndGlobalSection
	GlobalSection(ProjectConfigurationPlatforms) = postSolution
		{31AB2C92-D8D3-4565-B1D2-A894E4367B81}.Debug|Any CPU.ActiveCfg = Debug|Any CPU
		{31AB2C92-D8D3-4565-B1D2-A894E4367B81}.Debug|Any CPU.Build.0 = Debug|Any CPU
		{31AB2C92-D8D3-4565-B1D2-A894E4367B81}.Release|Any CPU.ActiveCfg = Release|Any CPU
		{31AB2C92-D8D3-4565-B1D2-A894E4367B81}.Release|Any CPU.Build.0 = Release|Any CPU
		{BAA1BE85-9E6B-46DA-ADC3-4799B1ABAC52}.Debug|Any CPU.ActiveCfg = Debug|Any CPU
		{BAA1BE85-9E6B-46DA-ADC3-4799B1ABAC52}.Debug|Any CPU.Build.0 = Debug|Any CPU
		{BAA1BE85-9E6B-46DA-ADC3-4799B1ABAC52}.Release|Any CPU.ActiveCfg = Release|Any CPU
		{BAA1BE85-9E6B-46DA-ADC3-4799B1ABAC52}.Release|Any CPU.Build.0 = Release|Any CPU
		{3C79731B-9827-430A-8624-6FBE3434FB8A}.Debug|Any CPU.ActiveCfg = Debug|Any CPU
		{3C79731B-9827-430A-8624-6FBE3434FB8A}.Debug|Any CPU.Build.0 = Debug|Any CPU
		{3C79731B-9827-430A-8624-6FBE3434FB8A}.Release|Any CPU.ActiveCfg = Release|Any CPU
		{3C79731B-9827-430A-8624-6FBE3434FB8A}.Release|Any CPU.Build.0 = Release|Any CPU
		{78FC1BC9-9C4C-4463-A0F2-CFC0D0C30BDA}.Debug|Any CPU.ActiveCfg = Debug|Any CPU
		{78FC1BC9-9C4C-4463-A0F2-CFC0D0C30BDA}.Debug|Any CPU.Build.0 = Debug|Any CPU
		{78FC1BC9-9C4C-4463-A0F2-CFC0D0C30BDA}.Release|Any CPU.ActiveCfg = Release|Any CPU
		{78FC1BC9-9C4C-4463-A0F2-CFC0D0C30BDA}.Release|Any CPU.Build.0 = Release|Any CPU
	EndGlobalSection
	GlobalSection(SolutionProperties) = preSolution
		HideSolutionNode = FALSE
	EndGlobalSection
	GlobalSection(NestedProjects) = preSolution
		{BAA1BE85-9E6B-46DA-ADC3-4799B1ABAC52} = {02EA681E-C7D8-13C7-8484-4AC65E1B71E8}
		{3C79731B-9827-430A-8624-6FBE3434FB8A} = {02EA681E-C7D8-13C7-8484-4AC65E1B71E8}
		{78FC1BC9-9C4C-4463-A0F2-CFC0D0C30BDA} = {02EA681E-C7D8-13C7-8484-4AC65E1B71E8}
	EndGlobalSection
	GlobalSection(ExtensibilityGlobals) = postSolution
		SolutionGuid = {6F8B15D9-D93C-4B35-BECC-C70BD1BB390A}
	EndGlobalSection
EndGlobal
